// !$*UTF8*$!
{
	archiveVersion = 1;
	classes = {
	};
	objectVersion = 55;
	objects = {

/* Begin PBXBuildFile section */
		C8E431672A824D1600B28D09 /* GameEndViewController.swift in Sources */ = {isa = PBXBuildFile; fileRef = C8E431652A824D1600B28D09 /* GameEndViewController.swift */; };
		C8E431682A824D1600B28D09 /* GameEndViewController.xib in Resources */ = {isa = PBXBuildFile; fileRef = C8E431662A824D1600B28D09 /* GameEndViewController.xib */; };
		C8E4316B2A83984100B28D09 /* DelaGothicOne-Regular.ttf in Resources */ = {isa = PBXBuildFile; fileRef = C8E4316A2A83984100B28D09 /* DelaGothicOne-Regular.ttf */; };
		D5050D462A810F0200B1005A /* ColorsExtension.swift in Sources */ = {isa = PBXBuildFile; fileRef = D5050D452A810F0200B1005A /* ColorsExtension.swift */; };
		D53F00D42A80ECFB0004D2CA /* AppDelegate.swift in Sources */ = {isa = PBXBuildFile; fileRef = D53F00D32A80ECFB0004D2CA /* AppDelegate.swift */; };
		D53F00D62A80ECFB0004D2CA /* SceneDelegate.swift in Sources */ = {isa = PBXBuildFile; fileRef = D53F00D52A80ECFB0004D2CA /* SceneDelegate.swift */; };
		D53F00D82A80ECFB0004D2CA /* ViewController.swift in Sources */ = {isa = PBXBuildFile; fileRef = D53F00D72A80ECFB0004D2CA /* ViewController.swift */; };
		D53F00DB2A80ECFB0004D2CA /* Main.storyboard in Resources */ = {isa = PBXBuildFile; fileRef = D53F00D92A80ECFB0004D2CA /* Main.storyboard */; };
		D53F00DD2A80ECFC0004D2CA /* Assets.xcassets in Resources */ = {isa = PBXBuildFile; fileRef = D53F00DC2A80ECFC0004D2CA /* Assets.xcassets */; };
		D53F00E02A80ECFC0004D2CA /* LaunchScreen.storyboard in Resources */ = {isa = PBXBuildFile; fileRef = D53F00DE2A80ECFC0004D2CA /* LaunchScreen.storyboard */; };
/* End PBXBuildFile section */

/* Begin PBXFileReference section */
		C8E431652A824D1600B28D09 /* GameEndViewController.swift */ = {isa = PBXFileReference; lastKnownFileType = sourcecode.swift; path = GameEndViewController.swift; sourceTree = "<group>"; };
		C8E431662A824D1600B28D09 /* GameEndViewController.xib */ = {isa = PBXFileReference; lastKnownFileType = file.xib; path = GameEndViewController.xib; sourceTree = "<group>"; };
		C8E4316A2A83984100B28D09 /* DelaGothicOne-Regular.ttf */ = {isa = PBXFileReference; lastKnownFileType = file; path = "DelaGothicOne-Regular.ttf"; sourceTree = "<group>"; };
		D5050D452A810F0200B1005A /* ColorsExtension.swift */ = {isa = PBXFileReference; lastKnownFileType = sourcecode.swift; path = ColorsExtension.swift; sourceTree = "<group>"; };
		D53F00D02A80ECFB0004D2CA /* SM8Bomb.app */ = {isa = PBXFileReference; explicitFileType = wrapper.application; includeInIndex = 0; path = SM8Bomb.app; sourceTree = BUILT_PRODUCTS_DIR; };
		D53F00D32A80ECFB0004D2CA /* AppDelegate.swift */ = {isa = PBXFileReference; lastKnownFileType = sourcecode.swift; path = AppDelegate.swift; sourceTree = "<group>"; };
		D53F00D52A80ECFB0004D2CA /* SceneDelegate.swift */ = {isa = PBXFileReference; lastKnownFileType = sourcecode.swift; path = SceneDelegate.swift; sourceTree = "<group>"; };
		D53F00D72A80ECFB0004D2CA /* ViewController.swift */ = {isa = PBXFileReference; lastKnownFileType = sourcecode.swift; path = ViewController.swift; sourceTree = "<group>"; };
		D53F00DA2A80ECFB0004D2CA /* Base */ = {isa = PBXFileReference; lastKnownFileType = file.storyboard; name = Base; path = Base.lproj/Main.storyboard; sourceTree = "<group>"; };
		D53F00DC2A80ECFC0004D2CA /* Assets.xcassets */ = {isa = PBXFileReference; lastKnownFileType = folder.assetcatalog; path = Assets.xcassets; sourceTree = "<group>"; };
		D53F00DF2A80ECFC0004D2CA /* Base */ = {isa = PBXFileReference; lastKnownFileType = file.storyboard; name = Base; path = Base.lproj/LaunchScreen.storyboard; sourceTree = "<group>"; };
		D53F00E12A80ECFC0004D2CA /* Info.plist */ = {isa = PBXFileReference; lastKnownFileType = text.plist.xml; path = Info.plist; sourceTree = "<group>"; };
/* End PBXFileReference section */

/* Begin PBXFrameworksBuildPhase section */
		D53F00CD2A80ECFB0004D2CA /* Frameworks */ = {
			isa = PBXFrameworksBuildPhase;
			buildActionMask = 2147483647;
			files = (
			);
			runOnlyForDeploymentPostprocessing = 0;
		};
/* End PBXFrameworksBuildPhase section */

/* Begin PBXGroup section */
		C8E431692A83979100B28D09 /* Fonts */ = {
			isa = PBXGroup;
			children = (
				C8E4316A2A83984100B28D09 /* DelaGothicOne-Regular.ttf */,
			);
			path = Fonts;
			sourceTree = "<group>";
		};
		D5050D422A810E5700B1005A /* Models */ = {
			isa = PBXGroup;
			children = (
			);
			path = Models;
			sourceTree = "<group>";
		};
		D5050D432A810E6600B1005A /* Controllers */ = {
			isa = PBXGroup;
			children = (
				D53F00D72A80ECFB0004D2CA /* ViewController.swift */,
				C8E431652A824D1600B28D09 /* GameEndViewController.swift */,
			);
			path = Controllers;
			sourceTree = "<group>";
		};
		D5050D442A810E9D00B1005A /* View */ = {
			isa = PBXGroup;
			children = (
				D53F00D92A80ECFB0004D2CA /* Main.storyboard */,
				C8E431662A824D1600B28D09 /* GameEndViewController.xib */,
			);
			path = View;
			sourceTree = "<group>";
		};
		D53F00C72A80ECFB0004D2CA = {
			isa = PBXGroup;
			children = (
				D53F00D22A80ECFB0004D2CA /* SM8Bomb */,
				D53F00D12A80ECFB0004D2CA /* Products */,
			);
			sourceTree = "<group>";
		};
		D53F00D12A80ECFB0004D2CA /* Products */ = {
			isa = PBXGroup;
			children = (
				D53F00D02A80ECFB0004D2CA /* SM8Bomb.app */,
			);
			name = Products;
			sourceTree = "<group>";
		};
		D53F00D22A80ECFB0004D2CA /* SM8Bomb */ = {
			isa = PBXGroup;
			children = (
				D53F00D32A80ECFB0004D2CA /* AppDelegate.swift */,
				D53F00D52A80ECFB0004D2CA /* SceneDelegate.swift */,
				D5050D422A810E5700B1005A /* Models */,
				D5050D442A810E9D00B1005A /* View */,
				D5050D432A810E6600B1005A /* Controllers */,
				C8E431692A83979100B28D09 /* Fonts */,
				D53F00DC2A80ECFC0004D2CA /* Assets.xcassets */,
				D53F00DE2A80ECFC0004D2CA /* LaunchScreen.storyboard */,
				D53F00E12A80ECFC0004D2CA /* Info.plist */,
				D5050D452A810F0200B1005A /* ColorsExtension.swift */,
			);
			path = SM8Bomb;
			sourceTree = "<group>";
		};
/* End PBXGroup section */

/* Begin PBXNativeTarget section */
		D53F00CF2A80ECFB0004D2CA /* SM8Bomb */ = {
			isa = PBXNativeTarget;
			buildConfigurationList = D53F00E42A80ECFC0004D2CA /* Build configuration list for PBXNativeTarget "SM8Bomb" */;
			buildPhases = (
				D53F00CC2A80ECFB0004D2CA /* Sources */,
				D53F00CD2A80ECFB0004D2CA /* Frameworks */,
				D53F00CE2A80ECFB0004D2CA /* Resources */,
			);
			buildRules = (
			);
			dependencies = (
			);
			name = SM8Bomb;
			productName = SM8Bomb;
			productReference = D53F00D02A80ECFB0004D2CA /* SM8Bomb.app */;
			productType = "com.apple.product-type.application";
		};
/* End PBXNativeTarget section */

/* Begin PBXProject section */
		D53F00C82A80ECFB0004D2CA /* Project object */ = {
			isa = PBXProject;
			attributes = {
				BuildIndependentTargetsInParallel = 1;
				LastSwiftUpdateCheck = 1430;
				LastUpgradeCheck = 1430;
				TargetAttributes = {
					D53F00CF2A80ECFB0004D2CA = {
						CreatedOnToolsVersion = 14.3.1;
					};
				};
			};
			buildConfigurationList = D53F00CB2A80ECFB0004D2CA /* Build configuration list for PBXProject "SM8Bomb" */;
			compatibilityVersion = "Xcode 13.0";
			developmentRegion = en;
			hasScannedForEncodings = 0;
			knownRegions = (
				en,
				Base,
			);
			mainGroup = D53F00C72A80ECFB0004D2CA;
			productRefGroup = D53F00D12A80ECFB0004D2CA /* Products */;
			projectDirPath = "";
			projectRoot = "";
			targets = (
				D53F00CF2A80ECFB0004D2CA /* SM8Bomb */,
			);
		};
/* End PBXProject section */

/* Begin PBXResourcesBuildPhase section */
		D53F00CE2A80ECFB0004D2CA /* Resources */ = {
			isa = PBXResourcesBuildPhase;
			buildActionMask = 2147483647;
			files = (
				D53F00E02A80ECFC0004D2CA /* LaunchScreen.storyboard in Resources */,
				D53F00DD2A80ECFC0004D2CA /* Assets.xcassets in Resources */,
				C8E431682A824D1600B28D09 /* GameEndViewController.xib in Resources */,
				C8E4316B2A83984100B28D09 /* DelaGothicOne-Regular.ttf in Resources */,
				D53F00DB2A80ECFB0004D2CA /* Main.storyboard in Resources */,
			);
			runOnlyForDeploymentPostprocessing = 0;
		};
/* End PBXResourcesBuildPhase section */

/* Begin PBXSourcesBuildPhase section */
		D53F00CC2A80ECFB0004D2CA /* Sources */ = {
			isa = PBXSourcesBuildPhase;
			buildActionMask = 2147483647;
			files = (
				D53F00D82A80ECFB0004D2CA /* ViewController.swift in Sources */,
				C8E431672A824D1600B28D09 /* GameEndViewController.swift in Sources */,
				D53F00D42A80ECFB0004D2CA /* AppDelegate.swift in Sources */,
				D53F00D62A80ECFB0004D2CA /* SceneDelegate.swift in Sources */,
				D5050D462A810F0200B1005A /* ColorsExtension.swift in Sources */,
			);
			runOnlyForDeploymentPostprocessing = 0;
		};
/* End PBXSourcesBuildPhase section */

/* Begin PBXVariantGroup section */
		D53F00D92A80ECFB0004D2CA /* Main.storyboard */ = {
			isa = PBXVariantGroup;
			children = (
				D53F00DA2A80ECFB0004D2CA /* Base */,
			);
			name = Main.storyboard;
			sourceTree = "<group>";
		};
		D53F00DE2A80ECFC0004D2CA /* LaunchScreen.storyboard */ = {
			isa = PBXVariantGroup;
			children = (
				D53F00DF2A80ECFC0004D2CA /* Base */,
			);
			name = LaunchScreen.storyboard;
			sourceTree = "<group>";
		};
/* End PBXVariantGroup section */

/* Begin XCBuildConfiguration section */
		D53F00E22A80ECFC0004D2CA /* Debug */ = {
			isa = XCBuildConfiguration;
			buildSettings = {
				ALWAYS_SEARCH_USER_PATHS = NO;
				CLANG_ANALYZER_NONNULL = YES;
				CLANG_ANALYZER_NUMBER_OBJECT_CONVERSION = YES_AGGRESSIVE;
				CLANG_CXX_LANGUAGE_STANDARD = "gnu++20";
				CLANG_ENABLE_MODULES = YES;
				CLANG_ENABLE_OBJC_ARC = YES;
				CLANG_ENABLE_OBJC_WEAK = YES;
				CLANG_WARN_BLOCK_CAPTURE_AUTORELEASING = YES;
				CLANG_WARN_BOOL_CONVERSION = YES;
				CLANG_WARN_COMMA = YES;
				CLANG_WARN_CONSTANT_CONVERSION = YES;
				CLANG_WARN_DEPRECATED_OBJC_IMPLEMENTATIONS = YES;
				CLANG_WARN_DIRECT_OBJC_ISA_USAGE = YES_ERROR;
				CLANG_WARN_DOCUMENTATION_COMMENTS = YES;
				CLANG_WARN_EMPTY_BODY = YES;
				CLANG_WARN_ENUM_CONVERSION = YES;
				CLANG_WARN_INFINITE_RECURSION = YES;
				CLANG_WARN_INT_CONVERSION = YES;
				CLANG_WARN_NON_LITERAL_NULL_CONVERSION = YES;
				CLANG_WARN_OBJC_IMPLICIT_RETAIN_SELF = YES;
				CLANG_WARN_OBJC_LITERAL_CONVERSION = YES;
				CLANG_WARN_OBJC_ROOT_CLASS = YES_ERROR;
				CLANG_WARN_QUOTED_INCLUDE_IN_FRAMEWORK_HEADER = YES;
				CLANG_WARN_RANGE_LOOP_ANALYSIS = YES;
				CLANG_WARN_STRICT_PROTOTYPES = YES;
				CLANG_WARN_SUSPICIOUS_MOVE = YES;
				CLANG_WARN_UNGUARDED_AVAILABILITY = YES_AGGRESSIVE;
				CLANG_WARN_UNREACHABLE_CODE = YES;
				CLANG_WARN__DUPLICATE_METHOD_MATCH = YES;
				COPY_PHASE_STRIP = NO;
				DEBUG_INFORMATION_FORMAT = dwarf;
				ENABLE_STRICT_OBJC_MSGSEND = YES;
				ENABLE_TESTABILITY = YES;
				GCC_C_LANGUAGE_STANDARD = gnu11;
				GCC_DYNAMIC_NO_PIC = NO;
				GCC_NO_COMMON_BLOCKS = YES;
				GCC_OPTIMIZATION_LEVEL = 0;
				GCC_PREPROCESSOR_DEFINITIONS = (
					"DEBUG=1",
					"$(inherited)",
				);
				GCC_WARN_64_TO_32_BIT_CONVERSION = YES;
				GCC_WARN_ABOUT_RETURN_TYPE = YES_ERROR;
				GCC_WARN_UNDECLARED_SELECTOR = YES;
				GCC_WARN_UNINITIALIZED_AUTOS = YES_AGGRESSIVE;
				GCC_WARN_UNUSED_FUNCTION = YES;
				GCC_WARN_UNUSED_VARIABLE = YES;
				IPHONEOS_DEPLOYMENT_TARGET = 16.4;
				MTL_ENABLE_DEBUG_INFO = INCLUDE_SOURCE;
				MTL_FAST_MATH = YES;
				ONLY_ACTIVE_ARCH = YES;
				SDKROOT = iphoneos;
				SWIFT_ACTIVE_COMPILATION_CONDITIONS = DEBUG;
				SWIFT_OPTIMIZATION_LEVEL = "-Onone";
			};
			name = Debug;
		};
		D53F00E32A80ECFC0004D2CA /* Release */ = {
			isa = XCBuildConfiguration;
			buildSettings = {
				ALWAYS_SEARCH_USER_PATHS = NO;
				CLANG_ANALYZER_NONNULL = YES;
				CLANG_ANALYZER_NUMBER_OBJECT_CONVERSION = YES_AGGRESSIVE;
				CLANG_CXX_LANGUAGE_STANDARD = "gnu++20";
				CLANG_ENABLE_MODULES = YES;
				CLANG_ENABLE_OBJC_ARC = YES;
				CLANG_ENABLE_OBJC_WEAK = YES;
				CLANG_WARN_BLOCK_CAPTURE_AUTORELEASING = YES;
				CLANG_WARN_BOOL_CONVERSION = YES;
				CLANG_WARN_COMMA = YES;
				CLANG_WARN_CONSTANT_CONVERSION = YES;
				CLANG_WARN_DEPRECATED_OBJC_IMPLEMENTATIONS = YES;
				CLANG_WARN_DIRECT_OBJC_ISA_USAGE = YES_ERROR;
				CLANG_WARN_DOCUMENTATION_COMMENTS = YES;
				CLANG_WARN_EMPTY_BODY = YES;
				CLANG_WARN_ENUM_CONVERSION = YES;
				CLANG_WARN_INFINITE_RECURSION = YES;
				CLANG_WARN_INT_CONVERSION = YES;
				CLANG_WARN_NON_LITERAL_NULL_CONVERSION = YES;
				CLANG_WARN_OBJC_IMPLICIT_RETAIN_SELF = YES;
				CLANG_WARN_OBJC_LITERAL_CONVERSION = YES;
				CLANG_WARN_OBJC_ROOT_CLASS = YES_ERROR;
				CLANG_WARN_QUOTED_INCLUDE_IN_FRAMEWORK_HEADER = YES;
				CLANG_WARN_RANGE_LOOP_ANALYSIS = YES;
				CLANG_WARN_STRICT_PROTOTYPES = YES;
				CLANG_WARN_SUSPICIOUS_MOVE = YES;
				CLANG_WARN_UNGUARDED_AVAILABILITY = YES_AGGRESSIVE;
				CLANG_WARN_UNREACHABLE_CODE = YES;
				CLANG_WARN__DUPLICATE_METHOD_MATCH = YES;
				COPY_PHASE_STRIP = NO;
				DEBUG_INFORMATION_FORMAT = "dwarf-with-dsym";
				ENABLE_NS_ASSERTIONS = NO;
				ENABLE_STRICT_OBJC_MSGSEND = YES;
				GCC_C_LANGUAGE_STANDARD = gnu11;
				GCC_NO_COMMON_BLOCKS = YES;
				GCC_WARN_64_TO_32_BIT_CONVERSION = YES;
				GCC_WARN_ABOUT_RETURN_TYPE = YES_ERROR;
				GCC_WARN_UNDECLARED_SELECTOR = YES;
				GCC_WARN_UNINITIALIZED_AUTOS = YES_AGGRESSIVE;
				GCC_WARN_UNUSED_FUNCTION = YES;
				GCC_WARN_UNUSED_VARIABLE = YES;
				IPHONEOS_DEPLOYMENT_TARGET = 16.4;
				MTL_ENABLE_DEBUG_INFO = NO;
				MTL_FAST_MATH = YES;
				SDKROOT = iphoneos;
				SWIFT_COMPILATION_MODE = wholemodule;
				SWIFT_OPTIMIZATION_LEVEL = "-O";
				VALIDATE_PRODUCT = YES;
			};
			name = Release;
		};
		D53F00E52A80ECFC0004D2CA /* Debug */ = {
			isa = XCBuildConfiguration;
			buildSettings = {
				ASSETCATALOG_COMPILER_APPICON_NAME = AppIcon;
				ASSETCATALOG_COMPILER_GLOBAL_ACCENT_COLOR_NAME = AccentColor;
				CODE_SIGN_STYLE = Automatic;
				CURRENT_PROJECT_VERSION = 1;
				DEVELOPMENT_TEAM = B2V35TTRCM;
				GENERATE_INFOPLIST_FILE = YES;
				INFOPLIST_FILE = SM8Bomb/Info.plist;
				INFOPLIST_KEY_UIApplicationSupportsIndirectInputEvents = YES;
				INFOPLIST_KEY_UILaunchStoryboardName = LaunchScreen;
				INFOPLIST_KEY_UIMainStoryboardFile = Main;
				INFOPLIST_KEY_UISupportedInterfaceOrientations = UIInterfaceOrientationPortrait;
				IPHONEOS_DEPLOYMENT_TARGET = 15.0;
				LD_RUNPATH_SEARCH_PATHS = (
					"$(inherited)",
					"@executable_path/Frameworks",
				);
				MARKETING_VERSION = 1.0;
				PRODUCT_BUNDLE_IDENTIFIER = s9888556.SM8Bomb;
				PRODUCT_NAME = "$(TARGET_NAME)";
				SUPPORTED_PLATFORMS = "iphoneos iphonesimulator";
				SUPPORTS_MACCATALYST = NO;
				SUPPORTS_MAC_DESIGNED_FOR_IPHONE_IPAD = NO;
				SWIFT_EMIT_LOC_STRINGS = YES;
				SWIFT_VERSION = 5.0;
				TARGETED_DEVICE_FAMILY = 1;
			};
			name = Debug;
		};
		D53F00E62A80ECFC0004D2CA /* Release */ = {
			isa = XCBuildConfiguration;
			buildSettings = {
				ASSETCATALOG_COMPILER_APPICON_NAME = AppIcon;
				ASSETCATALOG_COMPILER_GLOBAL_ACCENT_COLOR_NAME = AccentColor;
				CODE_SIGN_STYLE = Automatic;
				CURRENT_PROJECT_VERSION = 1;
				DEVELOPMENT_TEAM = B2V35TTRCM;
				GENERATE_INFOPLIST_FILE = YES;
				INFOPLIST_FILE = SM8Bomb/Info.plist;
				INFOPLIST_KEY_UIApplicationSupportsIndirectInputEvents = YES;
				INFOPLIST_KEY_UILaunchStoryboardName = LaunchScreen;
				INFOPLIST_KEY_UIMainStoryboardFile = Main;
				INFOPLIST_KEY_UISupportedInterfaceOrientations = UIInterfaceOrientationPortrait;
				IPHONEOS_DEPLOYMENT_TARGET = 15.0;
				LD_RUNPATH_SEARCH_PATHS = (
					"$(inherited)",
					"@executable_path/Frameworks",
				);
				MARKETING_VERSION = 1.0;
				PRODUCT_BUNDLE_IDENTIFIER = s9888556.SM8Bomb;
				PRODUCT_NAME = "$(TARGET_NAME)";
				SUPPORTED_PLATFORMS = "iphoneos iphonesimulator";
				SUPPORTS_MACCATALYST = NO;
				SUPPORTS_MAC_DESIGNED_FOR_IPHONE_IPAD = NO;
				SWIFT_EMIT_LOC_STRINGS = YES;
				SWIFT_VERSION = 5.0;
				TARGETED_DEVICE_FAMILY = 1;
			};
			name = Release;
		};
/* End XCBuildConfiguration section */

/* Begin XCConfigurationList section */
		D53F00CB2A80ECFB0004D2CA /* Build configuration list for PBXProject "SM8Bomb" */ = {
			isa = XCConfigurationList;
			buildConfigurations = (
				D53F00E22A80ECFC0004D2CA /* Debug */,
				D53F00E32A80ECFC0004D2CA /* Release */,
			);
			defaultConfigurationIsVisible = 0;
			defaultConfigurationName = Release;
		};
		D53F00E42A80ECFC0004D2CA /* Build configuration list for PBXNativeTarget "SM8Bomb" */ = {
			isa = XCConfigurationList;
			buildConfigurations = (
				D53F00E52A80ECFC0004D2CA /* Debug */,
				D53F00E62A80ECFC0004D2CA /* Release */,
			);
			defaultConfigurationIsVisible = 0;
			defaultConfigurationName = Release;
		};
/* End XCConfigurationList section */
	};
	rootObject = D53F00C82A80ECFB0004D2CA /* Project object */;
}
